{
	"name": "crtp-cli",
	"version": "0.0.0",
	"lockfileVersion": 2,
	"requires": true,
	"packages": {
		"": {
			"version": "0.0.0",
			"license": "ISC",
			"dependencies": {
				"chalk": "^4.1.1",
				"commander": "^7.2.0",
				"mkdirp": "^1.0.4"
			},
			"bin": {
				"crtp": "bin/index.js"
			}
		},
		"node_modules/ansi-styles": {
			"version": "4.3.0",
			"resolved": "http://npm.guazi-corp.com/ansi-styles/-/ansi-styles-4.3.0.tgz",
			"integrity": "sha1-7dgDYornHATIWuegkG7a00tkiTc=",
			"license": "MIT",
			"dependencies": {
				"color-convert": "^2.0.1"
			},
			"engines": {
				"node": ">=8"
			},
			"funding": {
				"url": "https://github.com/chalk/ansi-styles?sponsor=1"
			}
		},
		"node_modules/chalk": {
			"version": "4.1.1",
			"resolved": "http://npm.guazi-corp.com/chalk/-/chalk-4.1.1.tgz",
			"integrity": "sha1-yAs/qyi/Y3HmhjMl7uZ+YYt35q0=",
			"license": "MIT",
			"dependencies": {
				"ansi-styles": "^4.1.0",
				"supports-color": "^7.1.0"
			},
			"engines": {
				"node": ">=10"
			},
			"funding": {
				"url": "https://github.com/chalk/chalk?sponsor=1"
			}
		},
		"node_modules/color-convert": {
			"version": "2.0.1",
			"resolved": "http://npm.guazi-corp.com/color-convert/-/color-convert-2.0.1.tgz",
			"integrity": "sha1-ctOmjVmMm9s68q0ehPIdiWq9TeM=",
			"license": "MIT",
			"dependencies": {
				"color-name": "~1.1.4"
			},
			"engines": {
				"node": ">=7.0.0"
			}
		},
		"node_modules/color-name": {
			"version": "1.1.4",
			"resolved": "http://npm.guazi-corp.com/color-name/-/color-name-1.1.4.tgz",
			"integrity": "sha1-wqCah6y95pVD3m9j+jmVyCbFNqI=",
			"license": "MIT"
		},
		"node_modules/commander": {
			"version": "7.2.0",
			"resolved": "https://registry.nlark.com/commander/download/commander-7.2.0.tgz?cache=0&sync_timestamp=1622954251160&other_urls=https%3A%2F%2Fregistry.nlark.com%2Fcommander%2Fdownload%2Fcommander-7.2.0.tgz",
			"integrity": "sha1-o2y1fQtQHOEI5NIFWaFQo5HZerc=",
			"engines": {
				"node": ">= 10"
			}
		},
		"node_modules/has-flag": {
			"version": "4.0.0",
			"resolved": "http://npm.guazi-corp.com/has-flag/-/has-flag-4.0.0.tgz",
			"integrity": "sha1-lEdx/ZyByBJlxNaUGGDaBrtZR5s=",
			"license": "MIT",
			"engines": {
				"node": ">=8"
			}
		},
		"node_modules/mkdirp": {
			"version": "1.0.4",
			"resolved": "http://npm.guazi-corp.com/mkdirp/-/mkdirp-1.0.4.tgz",
			"integrity": "sha1-PrXtYmInVteaXw4qIh3+utdcL34=",
			"license": "MIT",
			"bin": {
				"mkdirp": "bin/cmd.js"
			},
			"engines": {
				"node": ">=10"
			}
		},
		"node_modules/supports-color": {
			"version": "7.2.0",
			"resolved": "http://npm.guazi-corp.com/supports-color/-/supports-color-7.2.0.tgz",
			"integrity": "sha1-G33NyzK4E4gBs+R4umpRyqiWSNo=",
			"license": "MIT",
			"dependencies": {
				"has-flag": "^4.0.0"
			},
			"engines": {
				"node": ">=8"
			}
		}
	},
	"dependencies": {
		"ansi-styles": {
			"version": "4.3.0",
			"resolved": "http://npm.guazi-corp.com/ansi-styles/-/ansi-styles-4.3.0.tgz",
			"integrity": "sha1-7dgDYornHATIWuegkG7a00tkiTc=",
			"requires": {
				"color-convert": "^2.0.1"
			}
		},
		"chalk": {
			"version": "4.1.1",
			"resolved": "http://npm.guazi-corp.com/chalk/-/chalk-4.1.1.tgz",
			"integrity": "sha1-yAs/qyi/Y3HmhjMl7uZ+YYt35q0=",
			"requires": {
				"ansi-styles": "^4.1.0",
				"supports-color": "^7.1.0"
			}
		},
		"color-convert": {
			"version": "2.0.1",
			"resolved": "http://npm.guazi-corp.com/color-convert/-/color-convert-2.0.1.tgz",
			"integrity": "sha1-ctOmjVmMm9s68q0ehPIdiWq9TeM=",
			"requires": {
				"color-name": "~1.1.4"
			}
		},
		"color-name": {
			"version": "1.1.4",
			"resolved": "http://npm.guazi-corp.com/color-name/-/color-name-1.1.4.tgz",
			"integrity": "sha1-wqCah6y95pVD3m9j+jmVyCbFNqI="
		},
		"commander": {
			"version": "7.2.0",
			"resolved": "https://registry.nlark.com/commander/download/commander-7.2.0.tgz?cache=0&sync_timestamp=1622954251160&other_urls=https%3A%2F%2Fregistry.nlark.com%2Fcommander%2Fdownload%2Fcommander-7.2.0.tgz",
			"integrity": "sha1-o2y1fQtQHOEI5NIFWaFQo5HZerc="
		},
		"has-flag": {
			"version": "4.0.0",
			"resolved": "http://npm.guazi-corp.com/has-flag/-/has-flag-4.0.0.tgz",
			"integrity": "sha1-lEdx/ZyByBJlxNaUGGDaBrtZR5s="
		},
		"mkdirp": {
			"version": "1.0.4",
			"resolved": "http://npm.guazi-corp.com/mkdirp/-/mkdirp-1.0.4.tgz",
			"integrity": "sha1-PrXtYmInVteaXw4qIh3+utdcL34="
		},
		"supports-color": {
			"version": "7.2.0",
			"resolved": "http://npm.guazi-corp.com/supports-color/-/supports-color-7.2.0.tgz",
			"integrity": "sha1-G33NyzK4E4gBs+R4umpRyqiWSNo=",
			"requires": {
				"has-flag": "^4.0.0"
			}
		}
	}
}
